
Microsoft Visual Studio Solution File, Format Version 12.00
# Visual Studio Version 17
VisualStudioVersion = 17.11.35327.3
MinimumVisualStudioVersion = 10.0.40219.1
Project("{FAE04EC0-301F-11D3-BF4B-00C04F79EFBC}") = "BlogDoEltinho", "BlogDoEltinho\BlogDoEltinho.csproj", "{ECA1B4CA-3403-46BF-B170-DBEF23C0DD94}"
EndProject
Global
	GlobalSection(SolutionConfigurationPlatforms) = preSolution
		Debug|Any CPU = Debug|Any CPU
		Release|Any CPU = Release|Any CPU
	EndGlobalSection
	GlobalSection(ProjectConfigurationPlatforms) = postSolution
		{ECA1B4CA-3403-46BF-B170-DBEF23C0DD94}.Debug|Any CPU.ActiveCfg = Debug|Any CPU
		{ECA1B4CA-3403-46BF-B170-DBEF23C0DD94}.Debug|Any CPU.Build.0 = Debug|Any CPU
		{ECA1B4CA-3403-46BF-B170-DBEF23C0DD94}.Release|Any CPU.ActiveCfg = Release|Any CPU
		{ECA1B4CA-3403-46BF-B170-DBEF23C0DD94}.Release|Any CPU.Build.0 = Release|Any CPU
	EndGlobalSection
	GlobalSection(SolutionProperties) = preSolution
		HideSolutionNode = FALSE
	EndGlobalSection
	GlobalSection(ExtensibilityGlobals) = postSolution
		SolutionGuid = {E3813E92-D8A8-4E35-8821-196D05CB2D47}
	EndGlobalSection
EndGlobal
